// !$*UTF8*$!
{
	archiveVersion = 1;
	classes = {
	};
	objectVersion = 50;
	objects = {

/* Begin PBXBuildFile section */
		939CD41B25BFA448006D679A /* SwiftUIStateDemoApp.swift in Sources */ = {isa = PBXBuildFile; fileRef = 939CD41A25BFA448006D679A /* SwiftUIStateDemoApp.swift */; };
		939CD41D25BFA448006D679A /* ContentView.swift in Sources */ = {isa = PBXBuildFile; fileRef = 939CD41C25BFA448006D679A /* ContentView.swift */; };
		939CD41F25BFA448006D679A /* Assets.xcassets in Resources */ = {isa = PBXBuildFile; fileRef = 939CD41E25BFA448006D679A /* Assets.xcassets */; };
		939CD42225BFA448006D679A /* Preview Assets.xcassets in Resources */ = {isa = PBXBuildFile; fileRef = 939CD42125BFA448006D679A /* Preview Assets.xcassets */; };
		939CD42B25BFA45B006D679A /* README.md in Resources */ = {isa = PBXBuildFile; fileRef = 939CD42A25BFA45B006D679A /* README.md */; };
		939CD42E25BFA5A3006D679A /* User.swift in Sources */ = {isa = PBXBuildFile; fileRef = 939CD42D25BFA5A3006D679A /* User.swift */; };
		939CD43125BFA970006D679A /* ObservedObjectView.swift in Sources */ = {isa = PBXBuildFile; fileRef = 939CD43025BFA970006D679A /* ObservedObjectView.swift */; };
/* End PBXBuildFile section */

/* Begin PBXFileReference section */
		939CD41725BFA448006D679A /* SwiftUIStateDemo.app */ = {isa = PBXFileReference; explicitFileType = wrapper.application; includeInIndex = 0; path = SwiftUIStateDemo.app; sourceTree = BUILT_PRODUCTS_DIR; };
		939CD41A25BFA448006D679A /* SwiftUIStateDemoApp.swift */ = {isa = PBXFileReference; lastKnownFileType = sourcecode.swift; path = SwiftUIStateDemoApp.swift; sourceTree = "<group>"; };
		939CD41C25BFA448006D679A /* ContentView.swift */ = {isa = PBXFileReference; lastKnownFileType = sourcecode.swift; path = ContentView.swift; sourceTree = "<group>"; };
		939CD41E25BFA448006D679A /* Assets.xcassets */ = {isa = PBXFileReference; lastKnownFileType = folder.assetcatalog; path = Assets.xcassets; sourceTree = "<group>"; };
		939CD42125BFA448006D679A /* Preview Assets.xcassets */ = {isa = PBXFileReference; lastKnownFileType = folder.assetcatalog; path = "Preview Assets.xcassets"; sourceTree = "<group>"; };
		939CD42325BFA448006D679A /* Info.plist */ = {isa = PBXFileReference; lastKnownFileType = text.plist.xml; path = Info.plist; sourceTree = "<group>"; };
		939CD42A25BFA45B006D679A /* README.md */ = {isa = PBXFileReference; lastKnownFileType = net.daringfireball.markdown; path = README.md; sourceTree = "<group>"; };
		939CD42D25BFA5A3006D679A /* User.swift */ = {isa = PBXFileReference; lastKnownFileType = sourcecode.swift; path = User.swift; sourceTree = "<group>"; };
		939CD43025BFA970006D679A /* ObservedObjectView.swift */ = {isa = PBXFileReference; lastKnownFileType = sourcecode.swift; path = ObservedObjectView.swift; sourceTree = "<group>"; };
/* End PBXFileReference section */

/* Begin PBXFrameworksBuildPhase section */
		939CD41425BFA448006D679A /* Frameworks */ = {
			isa = PBXFrameworksBuildPhase;
			buildActionMask = 2147483647;
			files = (
			);
			runOnlyForDeploymentPostprocessing = 0;
		};
/* End PBXFrameworksBuildPhase section */

/* Begin PBXGroup section */
		939CD40E25BFA448006D679A = {
			isa = PBXGroup;
			children = (
				939CD42A25BFA45B006D679A /* README.md */,
				939CD41925BFA448006D679A /* SwiftUIStateDemo */,
				939CD41825BFA448006D679A /* Products */,
			);
			sourceTree = "<group>";
		};
		939CD41825BFA448006D679A /* Products */ = {
			isa = PBXGroup;
			children = (
				939CD41725BFA448006D679A /* SwiftUIStateDemo.app */,
			);
			name = Products;
			sourceTree = "<group>";
		};
		939CD41925BFA448006D679A /* SwiftUIStateDemo */ = {
			isa = PBXGroup;
			children = (
				939CD41A25BFA448006D679A /* SwiftUIStateDemoApp.swift */,
				939CD41C25BFA448006D679A /* ContentView.swift */,
				939CD41E25BFA448006D679A /* Assets.xcassets */,
				939CD42325BFA448006D679A /* Info.plist */,
				939CD42025BFA448006D679A /* Preview Content */,
				939CD42D25BFA5A3006D679A /* User.swift */,
				939CD43025BFA970006D679A /* ObservedObjectView.swift */,
			);
			path = SwiftUIStateDemo;
			sourceTree = "<group>";
		};
		939CD42025BFA448006D679A /* Preview Content */ = {
			isa = PBXGroup;
			children = (
				939CD42125BFA448006D679A /* Preview Assets.xcassets */,
			);
			path = "Preview Content";
			sourceTree = "<group>";
		};
/* End PBXGroup section */

/* Begin PBXNativeTarget section */
		939CD41625BFA448006D679A /* SwiftUIStateDemo */ = {
			isa = PBXNativeTarget;
			buildConfigurationList = 939CD42625BFA448006D679A /* Build configuration list for PBXNativeTarget "SwiftUIStateDemo" */;
			buildPhases = (
				939CD41325BFA448006D679A /* Sources */,
				939CD41425BFA448006D679A /* Frameworks */,
				939CD41525BFA448006D679A /* Resources */,
			);
			buildRules = (
			);
			dependencies = (
			);
			name = SwiftUIStateDemo;
			productName = SwiftUIStateDemo;
			productReference = 939CD41725BFA448006D679A /* SwiftUIStateDemo.app */;
			productType = "com.apple.product-type.application";
		};
/* End PBXNativeTarget section */

/* Begin PBXProject section */
		939CD40F25BFA448006D679A /* Project object */ = {
			isa = PBXProject;
			attributes = {
				LastSwiftUpdateCheck = 1230;
				LastUpgradeCheck = 1230;
				TargetAttributes = {
					939CD41625BFA448006D679A = {
						CreatedOnToolsVersion = 12.3;
					};
				};
			};
			buildConfigurationList = 939CD41225BFA448006D679A /* Build configuration list for PBXProject "SwiftUIStateDemo" */;
			compatibilityVersion = "Xcode 9.3";
			developmentRegion = en;
			hasScannedForEncodings = 0;
			knownRegions = (
				en,
				Base,
			);
			mainGroup = 939CD40E25BFA448006D679A;
			productRefGroup = 939CD41825BFA448006D679A /* Products */;
			projectDirPath = "";
			projectRoot = "";
			targets = (
				939CD41625BFA448006D679A /* SwiftUIStateDemo */,
			);
		};
/* End PBXProject section */

/* Begin PBXResourcesBuildPhase section */
		939CD41525BFA448006D679A /* Resources */ = {
			isa = PBXResourcesBuildPhase;
			buildActionMask = 2147483647;
			files = (
				939CD42B25BFA45B006D679A /* README.md in Resources */,
				939CD42225BFA448006D679A /* Preview Assets.xcassets in Resources */,
				939CD41F25BFA448006D679A /* Assets.xcassets in Resources */,
			);
			runOnlyForDeploymentPostprocessing = 0;
		};
/* End PBXResourcesBuildPhase section */

/* Begin PBXSourcesBuildPhase section */
		939CD41325BFA448006D679A /* Sources */ = {
			isa = PBXSourcesBuildPhase;
			buildActionMask = 2147483647;
			files = (
				939CD41D25BFA448006D679A /* ContentView.swift in Sources */,
				939CD41B25BFA448006D679A /* SwiftUIStateDemoApp.swift in Sources */,
				939CD42E25BFA5A3006D679A /* User.swift in Sources */,
				939CD43125BFA970006D679A /* ObservedObjectView.swift in Sources */,
			);
			runOnlyForDeploymentPostprocessing = 0;
		};
/* End PBXSourcesBuildPhase section */

/* Begin XCBuildConfiguration section */
		939CD42425BFA448006D679A /* Debug */ = {
			isa = XCBuildConfiguration;
			buildSettings = {
				ALWAYS_SEARCH_USER_PATHS = NO;
				CLANG_ANALYZER_NONNULL = YES;
				CLANG_ANALYZER_NUMBER_OBJECT_CONVERSION = YES_AGGRESSIVE;
				CLANG_CXX_LANGUAGE_STANDARD = "gnu++14";
				CLANG_CXX_LIBRARY = "libc++";
				CLANG_ENABLE_MODULES = YES;
				CLANG_ENABLE_OBJC_ARC = YES;
				CLANG_ENABLE_OBJC_WEAK = YES;
				CLANG_WARN_BLOCK_CAPTURE_AUTORELEASING = YES;
				CLANG_WARN_BOOL_CONVERSION = YES;
				CLANG_WARN_COMMA = YES;
				CLANG_WARN_CONSTANT_CONVERSION = YES;
				CLANG_WARN_DEPRECATED_OBJC_IMPLEMENTATIONS = YES;
				CLANG_WARN_DIRECT_OBJC_ISA_USAGE = YES_ERROR;
				CLANG_WARN_DOCUMENTATION_COMMENTS = YES;
				CLANG_WARN_EMPTY_BODY = YES;
				CLANG_WARN_ENUM_CONVERSION = YES;
				CLANG_WARN_INFINITE_RECURSION = YES;
				CLANG_WARN_INT_CONVERSION = YES;
				CLANG_WARN_NON_LITERAL_NULL_CONVERSION = YES;
				CLANG_WARN_OBJC_IMPLICIT_RETAIN_SELF = YES;
				CLANG_WARN_OBJC_LITERAL_CONVERSION = YES;
				CLANG_WARN_OBJC_ROOT_CLASS = YES_ERROR;
				CLANG_WARN_QUOTED_INCLUDE_IN_FRAMEWORK_HEADER = YES;
				CLANG_WARN_RANGE_LOOP_ANALYSIS = YES;
				CLANG_WARN_STRICT_PROTOTYPES = YES;
				CLANG_WARN_SUSPICIOUS_MOVE = YES;
				CLANG_WARN_UNGUARDED_AVAILABILITY = YES_AGGRESSIVE;
				CLANG_WARN_UNREACHABLE_CODE = YES;
				CLANG_WARN__DUPLICATE_METHOD_MATCH = YES;
				COPY_PHASE_STRIP = NO;
				DEBUG_INFORMATION_FORMAT = dwarf;
				ENABLE_STRICT_OBJC_MSGSEND = YES;
				ENABLE_TESTABILITY = YES;
				GCC_C_LANGUAGE_STANDARD = gnu11;
				GCC_DYNAMIC_NO_PIC = NO;
				GCC_NO_COMMON_BLOCKS = YES;
				GCC_OPTIMIZATION_LEVEL = 0;
				GCC_PREPROCESSOR_DEFINITIONS = (
					"DEBUG=1",
					"$(inherited)",
				);
				GCC_WARN_64_TO_32_BIT_CONVERSION = YES;
				GCC_WARN_ABOUT_RETURN_TYPE = YES_ERROR;
				GCC_WARN_UNDECLARED_SELECTOR = YES;
				GCC_WARN_UNINITIALIZED_AUTOS = YES_AGGRESSIVE;
				GCC_WARN_UNUSED_FUNCTION = YES;
				GCC_WARN_UNUSED_VARIABLE = YES;
				IPHONEOS_DEPLOYMENT_TARGET = 14.3;
				MTL_ENABLE_DEBUG_INFO = INCLUDE_SOURCE;
				MTL_FAST_MATH = YES;
				ONLY_ACTIVE_ARCH = YES;
				SDKROOT = iphoneos;
				SWIFT_ACTIVE_COMPILATION_CONDITIONS = DEBUG;
				SWIFT_OPTIMIZATION_LEVEL = "-Onone";
			};
			name = Debug;
		};
		939CD42525BFA448006D679A /* Release */ = {
			isa = XCBuildConfiguration;
			buildSettings = {
				ALWAYS_SEARCH_USER_PATHS = NO;
				CLANG_ANALYZER_NONNULL = YES;
				CLANG_ANALYZER_NUMBER_OBJECT_CONVERSION = YES_AGGRESSIVE;
				CLANG_CXX_LANGUAGE_STANDARD = "gnu++14";
				CLANG_CXX_LIBRARY = "libc++";
				CLANG_ENABLE_MODULES = YES;
				CLANG_ENABLE_OBJC_ARC = YES;
				CLANG_ENABLE_OBJC_WEAK = YES;
				CLANG_WARN_BLOCK_CAPTURE_AUTORELEASING = YES;
				CLANG_WARN_BOOL_CONVERSION = YES;
				CLANG_WARN_COMMA = YES;
				CLANG_WARN_CONSTANT_CONVERSION = YES;
				CLANG_WARN_DEPRECATED_OBJC_IMPLEMENTATIONS = YES;
				CLANG_WARN_DIRECT_OBJC_ISA_USAGE = YES_ERROR;
				CLANG_WARN_DOCUMENTATION_COMMENTS = YES;
				CLANG_WARN_EMPTY_BODY = YES;
				CLANG_WARN_ENUM_CONVERSION = YES;
				CLANG_WARN_INFINITE_RECURSION = YES;
				CLANG_WARN_INT_CONVERSION = YES;
				CLANG_WARN_NON_LITERAL_NULL_CONVERSION = YES;
				CLANG_WARN_OBJC_IMPLICIT_RETAIN_SELF = YES;
				CLANG_WARN_OBJC_LITERAL_CONVERSION = YES;
				CLANG_WARN_OBJC_ROOT_CLASS = YES_ERROR;
				CLANG_WARN_QUOTED_INCLUDE_IN_FRAMEWORK_HEADER = YES;
				CLANG_WARN_RANGE_LOOP_ANALYSIS = YES;
				CLANG_WARN_STRICT_PROTOTYPES = YES;
				CLANG_WARN_SUSPICIOUS_MOVE = YES;
				CLANG_WARN_UNGUARDED_AVAILABILITY = YES_AGGRESSIVE;
				CLANG_WARN_UNREACHABLE_CODE = YES;
				CLANG_WARN__DUPLICATE_METHOD_MATCH = YES;
				COPY_PHASE_STRIP = NO;
				DEBUG_INFORMATION_FORMAT = "dwarf-with-dsym";
				ENABLE_NS_ASSERTIONS = NO;
				ENABLE_STRICT_OBJC_MSGSEND = YES;
				GCC_C_LANGUAGE_STANDARD = gnu11;
				GCC_NO_COMMON_BLOCKS = YES;
				GCC_WARN_64_TO_32_BIT_CONVERSION = YES;
				GCC_WARN_ABOUT_RETURN_TYPE = YES_ERROR;
				GCC_WARN_UNDECLARED_SELECTOR = YES;
				GCC_WARN_UNINITIALIZED_AUTOS = YES_AGGRESSIVE;
				GCC_WARN_UNUSED_FUNCTION = YES;
				GCC_WARN_UNUSED_VARIABLE = YES;
				IPHONEOS_DEPLOYMENT_TARGET = 14.3;
				MTL_ENABLE_DEBUG_INFO = NO;
				MTL_FAST_MATH = YES;
				SDKROOT = iphoneos;
				SWIFT_COMPILATION_MODE = wholemodule;
				SWIFT_OPTIMIZATION_LEVEL = "-O";
				VALIDATE_PRODUCT = YES;
			};
			name = Release;
		};
		939CD42725BFA448006D679A /* Debug */ = {
			isa = XCBuildConfiguration;
			buildSettings = {
				ASSETCATALOG_COMPILER_APPICON_NAME = AppIcon;
				ASSETCATALOG_COMPILER_GLOBAL_ACCENT_COLOR_NAME = AccentColor;
				CODE_SIGN_STYLE = Automatic;
				DEVELOPMENT_ASSET_PATHS = "\"SwiftUIStateDemo/Preview Content\"";
				DEVELOPMENT_TEAM = 3645B2S253;
				ENABLE_PREVIEWS = YES;
				INFOPLIST_FILE = SwiftUIStateDemo/Info.plist;
				IPHONEOS_DEPLOYMENT_TARGET = 14.0;
				LD_RUNPATH_SEARCH_PATHS = (
					"$(inherited)",
					"@executable_path/Frameworks",
				);
				PRODUCT_BUNDLE_IDENTIFIER = com.BarryAllen.SwiftUIStateDemo;
				PRODUCT_NAME = "$(TARGET_NAME)";
				SWIFT_VERSION = 5.0;
				TARGETED_DEVICE_FAMILY = "1,2";
			};
			name = Debug;
		};
		939CD42825BFA448006D679A /* Release */ = {
			isa = XCBuildConfiguration;
			buildSettings = {
				ASSETCATALOG_COMPILER_APPICON_NAME = AppIcon;
				ASSETCATALOG_COMPILER_GLOBAL_ACCENT_COLOR_NAME = AccentColor;
				CODE_SIGN_STYLE = Automatic;
				DEVELOPMENT_ASSET_PATHS = "\"SwiftUIStateDemo/Preview Content\"";
				DEVELOPMENT_TEAM = 3645B2S253;
				ENABLE_PREVIEWS = YES;
				INFOPLIST_FILE = SwiftUIStateDemo/Info.plist;
				IPHONEOS_DEPLOYMENT_TARGET = 14.0;
				LD_RUNPATH_SEARCH_PATHS = (
					"$(inherited)",
					"@executable_path/Frameworks",
				);
				PRODUCT_BUNDLE_IDENTIFIER = com.BarryAllen.SwiftUIStateDemo;
				PRODUCT_NAME = "$(TARGET_NAME)";
				SWIFT_VERSION = 5.0;
				TARGETED_DEVICE_FAMILY = "1,2";
			};
			name = Release;
		};
/* End XCBuildConfiguration section */

/* Begin XCConfigurationList section */
		939CD41225BFA448006D679A /* Build configuration list for PBXProject "SwiftUIStateDemo" */ = {
			isa = XCConfigurationList;
			buildConfigurations = (
				939CD42425BFA448006D679A /* Debug */,
				939CD42525BFA448006D679A /* Release */,
			);
			defaultConfigurationIsVisible = 0;
			defaultConfigurationName = Release;
		};
		939CD42625BFA448006D679A /* Build configuration list for PBXNativeTarget "SwiftUIStateDemo" */ = {
			isa = XCConfigurationList;
			buildConfigurations = (
				939CD42725BFA448006D679A /* Debug */,
				939CD42825BFA448006D679A /* Release */,
			);
			defaultConfigurationIsVisible = 0;
			defaultConfigurationName = Release;
		};
/* End XCConfigurationList section */
	};
	rootObject = 939CD40F25BFA448006D679A /* Project object */;
}
